
Microsoft Visual Studio Solution File, Format Version 12.00
# Visual Studio Version 17
VisualStudioVersion = 17.4.33110.190
MinimumVisualStudioVersion = 10.0.40219.1
Project("{FAE04EC0-301F-11D3-BF4B-00C04F79EFBC}") = "ConsoleApp1", "ConsoleApp1\ConsoleApp1.csproj", "{5824A593-0833-4E83-AF40-53B10F10FEDC}"
EndProject
Global
	GlobalSection(SolutionConfigurationPlatforms) = preSolution
		Debug|Any CPU = Debug|Any CPU
		Release|Any CPU = Release|Any CPU
	EndGlobalSection
	GlobalSection(ProjectConfigurationPlatforms) = postSolution
		{5824A593-0833-4E83-AF40-53B10F10FEDC}.Debug|Any CPU.ActiveCfg = Debug|Any CPU
		{5824A593-0833-4E83-AF40-53B10F10FEDC}.Debug|Any CPU.Build.0 = Debug|Any CPU
		{5824A593-0833-4E83-AF40-53B10F10FEDC}.Release|Any CPU.ActiveCfg = Release|Any CPU
		{5824A593-0833-4E83-AF40-53B10F10FEDC}.Release|Any CPU.Build.0 = Release|Any CPU
	EndGlobalSection
	GlobalSection(SolutionProperties) = preSolution
		HideSolutionNode = FALSE
	EndGlobalSection
	GlobalSection(ExtensibilityGlobals) = postSolution
		SolutionGuid = {6727EFAD-EB28-4984-AE48-FBF6907BD54F}
	EndGlobalSection
EndGlobal
